
Microsoft Visual Studio Solution File, Format Version 12.00
# Visual Studio Version 17
VisualStudioVersion = 17.0.32112.339
MinimumVisualStudioVersion = 10.0.40219.1
Project("{FAE04EC0-301F-11D3-BF4B-00C04F79EFBC}") = "ConsoleApp4", "ConsoleApp4\ConsoleApp4.csproj", "{E48F5827-5A6E-48A8-9DAC-A5277D15989F}"
EndProject
Global
	GlobalSection(SolutionConfigurationPlatforms) = preSolution
		Debug|Any CPU = Debug|Any CPU
		Release|Any CPU = Release|Any CPU
	EndGlobalSection
	GlobalSection(ProjectConfigurationPlatforms) = postSolution
		{E48F5827-5A6E-48A8-9DAC-A5277D15989F}.Debug|Any CPU.ActiveCfg = Debug|Any CPU
		{E48F5827-5A6E-48A8-9DAC-A5277D15989F}.Debug|Any CPU.Build.0 = Debug|Any CPU
		{E48F5827-5A6E-48A8-9DAC-A5277D15989F}.Release|Any CPU.ActiveCfg = Release|Any CPU
		{E48F5827-5A6E-48A8-9DAC-A5277D15989F}.Release|Any CPU.Build.0 = Release|Any CPU
	EndGlobalSection
	GlobalSection(SolutionProperties) = preSolution
		HideSolutionNode = FALSE
	EndGlobalSection
	GlobalSection(ExtensibilityGlobals) = postSolution
		SolutionGuid = {13EE8ADF-A686-4EDC-98EC-7E182DA0FA53}
	EndGlobalSection
EndGlobal
